// !$*UTF8*$!
{
	archiveVersion = 1;
	classes = {
	};
	objectVersion = 50;
	objects = {

/* Begin PBXBuildFile section */
		605222541CFF2668CA4A28F5 /* Extensions.swift in Sources */ = {isa = PBXBuildFile; fileRef = 60522755A22B9EE3E6578A55 /* Extensions.swift */; };
		605223E9CAF6F189AAA33917 /* Item.swift in Sources */ = {isa = PBXBuildFile; fileRef = 6052278B6E610439D3BCE2B0 /* Item.swift */; };
		605224BADF22C6EB4EDA2696 /* MainCoordinator.swift in Sources */ = {isa = PBXBuildFile; fileRef = 605225CEC47B8A51D4957578 /* MainCoordinator.swift */; };
		6052264E62255D3C2A34C6DC /* Listable.swift in Sources */ = {isa = PBXBuildFile; fileRef = 605226B8DAB4475BD0E643C2 /* Listable.swift */; };
		605226EB16C9AA11593C738C /* ImageContainer.swift in Sources */ = {isa = PBXBuildFile; fileRef = 60522EAFCB605895411EFEEE /* ImageContainer.swift */; };
		605227CBFC3AC890D2E3FFD7 /* CustomButtons.swift in Sources */ = {isa = PBXBuildFile; fileRef = 6052266F0D4593F7956EA1E7 /* CustomButtons.swift */; };
		605227D88F9454C7B8C107BB /* SearchViewController.swift in Sources */ = {isa = PBXBuildFile; fileRef = 6052254229A0ED65E0470421 /* SearchViewController.swift */; };
		60522959FA29DB581B6F100A /* NibLoadableView.swift in Sources */ = {isa = PBXBuildFile; fileRef = 605226DA9BBFA14B6BC34A4B /* NibLoadableView.swift */; };
		60522972E9BC5C0F314FC8B1 /* GraphCircle.swift in Sources */ = {isa = PBXBuildFile; fileRef = 605222F5D013FEC1F0B1D4AD /* GraphCircle.swift */; };
		60522A85EE50E5A2F85C1F50 /* Room.swift in Sources */ = {isa = PBXBuildFile; fileRef = 605227EFE5AD7E301903D6AD /* Room.swift */; };
		60522B736AC543C621D89FC4 /* Identifiers.swift in Sources */ = {isa = PBXBuildFile; fileRef = 6052295884646E52B4F538D6 /* Identifiers.swift */; };
		60522C120921CDB94428F04F /* PersistenceManager.swift in Sources */ = {isa = PBXBuildFile; fileRef = 605229B74E0ABC487E87D514 /* PersistenceManager.swift */; };
		60522C7E81B9778DFBF97978 /* Coordinator.swift in Sources */ = {isa = PBXBuildFile; fileRef = 60522E7EA5BA43168A1B6A19 /* Coordinator.swift */; };
		60522CCC9E0F8FBE7665D382 /* EditRoomViewController.swift in Sources */ = {isa = PBXBuildFile; fileRef = 60522020604B0230FE0F03AB /* EditRoomViewController.swift */; };
		60522D693341B6B73D26674E /* Storyboarded.swift in Sources */ = {isa = PBXBuildFile; fileRef = 60522763BD5AEEAD7E4B7077 /* Storyboarded.swift */; };
		60522E64C9BC8D034EEF1493 /* Slider.swift in Sources */ = {isa = PBXBuildFile; fileRef = 605229033FBA6B2E817443E7 /* Slider.swift */; };
		60522EDFDBA6149ED9DD583C /* RoomStore.swift in Sources */ = {isa = PBXBuildFile; fileRef = 605228058E9A483E17A958B1 /* RoomStore.swift */; };
		60522EF695AED56C02BAF0E4 /* CustomImages.swift in Sources */ = {isa = PBXBuildFile; fileRef = 6052291D4BB1F3C1037FE153 /* CustomImages.swift */; };
		FD004F7124A63D7400AAA6E7 /* UIKit.framework in Frameworks */ = {isa = PBXBuildFile; fileRef = FD004F7024A63D7400AAA6E7 /* UIKit.framework */; };
		FD1737B024AB5BE50051D7FD /* EditObjectView.xib in Resources */ = {isa = PBXBuildFile; fileRef = FD1737AF24AB5BE50051D7FD /* EditObjectView.xib */; };
		FD1737B224AB5C2E0051D7FD /* EditObjectView.swift in Sources */ = {isa = PBXBuildFile; fileRef = FD1737B124AB5C2E0051D7FD /* EditObjectView.swift */; };
		FD4AFF7024B9BF05004B56C9 /* ListCellView.xib in Resources */ = {isa = PBXBuildFile; fileRef = FD4AFF6F24B9BF05004B56C9 /* ListCellView.xib */; };
		FD4AFF7224B9C1E2004B56C9 /* ListCellView.swift in Sources */ = {isa = PBXBuildFile; fileRef = FD4AFF7124B9C1E2004B56C9 /* ListCellView.swift */; };
		FDBB847824A33ECF00589F64 /* AppDelegate.swift in Sources */ = {isa = PBXBuildFile; fileRef = FDBB847724A33ECF00589F64 /* AppDelegate.swift */; };
		FDBB847E24A33ED000589F64 /* Assets.xcassets in Resources */ = {isa = PBXBuildFile; fileRef = FDBB847D24A33ED000589F64 /* Assets.xcassets */; };
		FDBB848124A33ED000589F64 /* Preview Assets.xcassets in Resources */ = {isa = PBXBuildFile; fileRef = FDBB848024A33ED000589F64 /* Preview Assets.xcassets */; };
		FDBB848424A33ED000589F64 /* LaunchScreen.storyboard in Resources */ = {isa = PBXBuildFile; fileRef = FDBB848224A33ED000589F64 /* LaunchScreen.storyboard */; };
		FDBB849624A4988D00589F64 /* StoreTests.swift in Sources */ = {isa = PBXBuildFile; fileRef = FDBB849524A4988D00589F64 /* StoreTests.swift */; };
		FDBB84A124A49AE000589F64 /* MovingUITests.swift in Sources */ = {isa = PBXBuildFile; fileRef = FDBB84A024A49AE000589F64 /* MovingUITests.swift */; };
		FDBB84A824A49B0400589F64 /* StoreTests.swift in Resources */ = {isa = PBXBuildFile; fileRef = FDBB849524A4988D00589F64 /* StoreTests.swift */; };
		FDBB84AC24A62B6900589F64 /* Main.storyboard in Resources */ = {isa = PBXBuildFile; fileRef = FDBB84AB24A62B6900589F64 /* Main.storyboard */; };
		FDBB84AE24A62BF800589F64 /* RoomsListViewController.swift in Sources */ = {isa = PBXBuildFile; fileRef = FDBB84AD24A62BF800589F64 /* RoomsListViewController.swift */; };
		FDE9F0EB24A747D500454492 /* ItemsListViewController.swift in Sources */ = {isa = PBXBuildFile; fileRef = FDE9F0EA24A747D500454492 /* ItemsListViewController.swift */; };
		FDE9F0ED24A7545000454492 /* EditItemViewController.swift in Sources */ = {isa = PBXBuildFile; fileRef = FDE9F0EC24A7545000454492 /* EditItemViewController.swift */; };
/* End PBXBuildFile section */

/* Begin PBXContainerItemProxy section */
		FDBB84A324A49AE000589F64 /* PBXContainerItemProxy */ = {
			isa = PBXContainerItemProxy;
			containerPortal = FDBB846C24A33ECF00589F64 /* Project object */;
			proxyType = 1;
			remoteGlobalIDString = FDBB847324A33ECF00589F64;
			remoteInfo = Moving;
		};
/* End PBXContainerItemProxy section */

/* Begin PBXFileReference section */
		60522020604B0230FE0F03AB /* EditRoomViewController.swift */ = {isa = PBXFileReference; fileEncoding = 4; lastKnownFileType = sourcecode.swift; path = EditRoomViewController.swift; sourceTree = "<group>"; };
		605222F5D013FEC1F0B1D4AD /* GraphCircle.swift */ = {isa = PBXFileReference; fileEncoding = 4; lastKnownFileType = sourcecode.swift; path = GraphCircle.swift; sourceTree = "<group>"; };
		6052254229A0ED65E0470421 /* SearchViewController.swift */ = {isa = PBXFileReference; fileEncoding = 4; lastKnownFileType = sourcecode.swift; path = SearchViewController.swift; sourceTree = "<group>"; };
		605225CEC47B8A51D4957578 /* MainCoordinator.swift */ = {isa = PBXFileReference; fileEncoding = 4; lastKnownFileType = sourcecode.swift; path = MainCoordinator.swift; sourceTree = "<group>"; };
		6052266F0D4593F7956EA1E7 /* CustomButtons.swift */ = {isa = PBXFileReference; fileEncoding = 4; lastKnownFileType = sourcecode.swift; path = CustomButtons.swift; sourceTree = "<group>"; };
		605226B8DAB4475BD0E643C2 /* Listable.swift */ = {isa = PBXFileReference; fileEncoding = 4; lastKnownFileType = sourcecode.swift; path = Listable.swift; sourceTree = "<group>"; };
		605226DA9BBFA14B6BC34A4B /* NibLoadableView.swift */ = {isa = PBXFileReference; fileEncoding = 4; lastKnownFileType = sourcecode.swift; path = NibLoadableView.swift; sourceTree = "<group>"; };
		60522755A22B9EE3E6578A55 /* Extensions.swift */ = {isa = PBXFileReference; fileEncoding = 4; lastKnownFileType = sourcecode.swift; path = Extensions.swift; sourceTree = "<group>"; };
		60522763BD5AEEAD7E4B7077 /* Storyboarded.swift */ = {isa = PBXFileReference; fileEncoding = 4; lastKnownFileType = sourcecode.swift; path = Storyboarded.swift; sourceTree = "<group>"; };
		6052278B6E610439D3BCE2B0 /* Item.swift */ = {isa = PBXFileReference; fileEncoding = 4; lastKnownFileType = sourcecode.swift; path = Item.swift; sourceTree = "<group>"; };
		605227EFE5AD7E301903D6AD /* Room.swift */ = {isa = PBXFileReference; fileEncoding = 4; lastKnownFileType = sourcecode.swift; path = Room.swift; sourceTree = "<group>"; };
		605228058E9A483E17A958B1 /* RoomStore.swift */ = {isa = PBXFileReference; fileEncoding = 4; lastKnownFileType = sourcecode.swift; path = RoomStore.swift; sourceTree = "<group>"; };
		605229033FBA6B2E817443E7 /* Slider.swift */ = {isa = PBXFileReference; fileEncoding = 4; lastKnownFileType = sourcecode.swift; path = Slider.swift; sourceTree = "<group>"; };
		6052291D4BB1F3C1037FE153 /* CustomImages.swift */ = {isa = PBXFileReference; fileEncoding = 4; lastKnownFileType = sourcecode.swift; path = CustomImages.swift; sourceTree = "<group>"; };
		6052295884646E52B4F538D6 /* Identifiers.swift */ = {isa = PBXFileReference; fileEncoding = 4; lastKnownFileType = sourcecode.swift; path = Identifiers.swift; sourceTree = "<group>"; };
		605229B74E0ABC487E87D514 /* PersistenceManager.swift */ = {isa = PBXFileReference; fileEncoding = 4; lastKnownFileType = sourcecode.swift; path = PersistenceManager.swift; sourceTree = "<group>"; };
		60522E7EA5BA43168A1B6A19 /* Coordinator.swift */ = {isa = PBXFileReference; fileEncoding = 4; lastKnownFileType = sourcecode.swift; path = Coordinator.swift; sourceTree = "<group>"; };
		60522EAFCB605895411EFEEE /* ImageContainer.swift */ = {isa = PBXFileReference; fileEncoding = 4; lastKnownFileType = sourcecode.swift; path = ImageContainer.swift; sourceTree = "<group>"; };
		FD004F7024A63D7400AAA6E7 /* UIKit.framework */ = {isa = PBXFileReference; lastKnownFileType = wrapper.framework; name = UIKit.framework; path = System/Library/Frameworks/UIKit.framework; sourceTree = SDKROOT; };
		FD1737AF24AB5BE50051D7FD /* EditObjectView.xib */ = {isa = PBXFileReference; lastKnownFileType = file.xib; path = EditObjectView.xib; sourceTree = "<group>"; };
		FD1737B124AB5C2E0051D7FD /* EditObjectView.swift */ = {isa = PBXFileReference; lastKnownFileType = sourcecode.swift; path = EditObjectView.swift; sourceTree = "<group>"; };
		FD4AFF6F24B9BF05004B56C9 /* ListCellView.xib */ = {isa = PBXFileReference; lastKnownFileType = file.xib; path = ListCellView.xib; sourceTree = "<group>"; };
		FD4AFF7124B9C1E2004B56C9 /* ListCellView.swift */ = {isa = PBXFileReference; lastKnownFileType = sourcecode.swift; path = ListCellView.swift; sourceTree = "<group>"; };
		FDBB847424A33ECF00589F64 /* Moving.app */ = {isa = PBXFileReference; explicitFileType = wrapper.application; includeInIndex = 0; path = Moving.app; sourceTree = BUILT_PRODUCTS_DIR; };
		FDBB847724A33ECF00589F64 /* AppDelegate.swift */ = {isa = PBXFileReference; lastKnownFileType = sourcecode.swift; path = AppDelegate.swift; sourceTree = "<group>"; };
		FDBB847D24A33ED000589F64 /* Assets.xcassets */ = {isa = PBXFileReference; lastKnownFileType = folder.assetcatalog; path = Assets.xcassets; sourceTree = "<group>"; };
		FDBB848024A33ED000589F64 /* Preview Assets.xcassets */ = {isa = PBXFileReference; lastKnownFileType = folder.assetcatalog; path = "Preview Assets.xcassets"; sourceTree = "<group>"; };
		FDBB848324A33ED000589F64 /* Base */ = {isa = PBXFileReference; lastKnownFileType = file.storyboard; name = Base; path = Base.lproj/LaunchScreen.storyboard; sourceTree = "<group>"; };
		FDBB848524A33ED000589F64 /* Info.plist */ = {isa = PBXFileReference; lastKnownFileType = text.plist.xml; path = Info.plist; sourceTree = "<group>"; };
		FDBB849524A4988D00589F64 /* StoreTests.swift */ = {isa = PBXFileReference; lastKnownFileType = sourcecode.swift; path = StoreTests.swift; sourceTree = "<group>"; };
		FDBB849924A49AA800589F64 /* TestPlan.xctestplan */ = {isa = PBXFileReference; lastKnownFileType = text; path = TestPlan.xctestplan; sourceTree = "<group>"; };
		FDBB849E24A49AE000589F64 /* MovingUITests.xctest */ = {isa = PBXFileReference; explicitFileType = wrapper.cfbundle; includeInIndex = 0; path = MovingUITests.xctest; sourceTree = BUILT_PRODUCTS_DIR; };
		FDBB84A024A49AE000589F64 /* MovingUITests.swift */ = {isa = PBXFileReference; lastKnownFileType = sourcecode.swift; path = MovingUITests.swift; sourceTree = "<group>"; };
		FDBB84A224A49AE000589F64 /* Info.plist */ = {isa = PBXFileReference; lastKnownFileType = text.plist.xml; path = Info.plist; sourceTree = "<group>"; };
		FDBB84AB24A62B6900589F64 /* Main.storyboard */ = {isa = PBXFileReference; lastKnownFileType = file.storyboard; path = Main.storyboard; sourceTree = "<group>"; };
		FDBB84AD24A62BF800589F64 /* RoomsListViewController.swift */ = {isa = PBXFileReference; lastKnownFileType = sourcecode.swift; path = RoomsListViewController.swift; sourceTree = "<group>"; };
		FDE9F0EA24A747D500454492 /* ItemsListViewController.swift */ = {isa = PBXFileReference; lastKnownFileType = sourcecode.swift; path = ItemsListViewController.swift; sourceTree = "<group>"; };
		FDE9F0EC24A7545000454492 /* EditItemViewController.swift */ = {isa = PBXFileReference; lastKnownFileType = sourcecode.swift; path = EditItemViewController.swift; sourceTree = "<group>"; };
/* End PBXFileReference section */

/* Begin PBXFrameworksBuildPhase section */
		FDBB847124A33ECF00589F64 /* Frameworks */ = {
			isa = PBXFrameworksBuildPhase;
			buildActionMask = 2147483647;
			files = (
				FD004F7124A63D7400AAA6E7 /* UIKit.framework in Frameworks */,
			);
			runOnlyForDeploymentPostprocessing = 0;
		};
		FDBB849B24A49AE000589F64 /* Frameworks */ = {
			isa = PBXFrameworksBuildPhase;
			buildActionMask = 2147483647;
			files = (
			);
			runOnlyForDeploymentPostprocessing = 0;
		};
/* End PBXFrameworksBuildPhase section */

/* Begin PBXGroup section */
		60522137AEB04EC1B9C5E709 /* UI */ = {
			isa = PBXGroup;
			children = (
				60522EAFCB605895411EFEEE /* ImageContainer.swift */,
				6052295884646E52B4F538D6 /* Identifiers.swift */,
				FD4AFF6F24B9BF05004B56C9 /* ListCellView.xib */,
				FD4AFF7124B9C1E2004B56C9 /* ListCellView.swift */,
				6052266F0D4593F7956EA1E7 /* CustomButtons.swift */,
				6052291D4BB1F3C1037FE153 /* CustomImages.swift */,
				605222F5D013FEC1F0B1D4AD /* GraphCircle.swift */,
				605229033FBA6B2E817443E7 /* Slider.swift */,
			);
			path = UI;
			sourceTree = "<group>";
		};
		605222F75A04241AEA30857B /* Helpers */ = {
			isa = PBXGroup;
			children = (
				60522755A22B9EE3E6578A55 /* Extensions.swift */,
			);
			path = Helpers;
			sourceTree = "<group>";
		};
		60522901C357D7965BECBDCC /* Models */ = {
			isa = PBXGroup;
			children = (
				605227EFE5AD7E301903D6AD /* Room.swift */,
				6052278B6E610439D3BCE2B0 /* Item.swift */,
				605228058E9A483E17A958B1 /* RoomStore.swift */,
				605229B74E0ABC487E87D514 /* PersistenceManager.swift */,
				60522137AEB04EC1B9C5E709 /* UI */,
			);
			path = Models;
			sourceTree = "<group>";
		};
		60522969950AE8C8C1F57651 /* Coordinator */ = {
			isa = PBXGroup;
			children = (
				60522E7EA5BA43168A1B6A19 /* Coordinator.swift */,
				605225CEC47B8A51D4957578 /* MainCoordinator.swift */,
				60522763BD5AEEAD7E4B7077 /* Storyboarded.swift */,
			);
			path = Coordinator;
			sourceTree = "<group>";
		};
		60522B6925F53D4C1CD5FB76 /* Protocols */ = {
			isa = PBXGroup;
			children = (
				605226B8DAB4475BD0E643C2 /* Listable.swift */,
				605226DA9BBFA14B6BC34A4B /* NibLoadableView.swift */,
			);
			path = Protocols;
			sourceTree = "<group>";
		};
		FD004F6F24A63D7400AAA6E7 /* Frameworks */ = {
			isa = PBXGroup;
			children = (
				FD004F7024A63D7400AAA6E7 /* UIKit.framework */,
			);
			name = Frameworks;
			sourceTree = "<group>";
		};
		FD4AFF7324B9D06C004B56C9 /* Resources */ = {
			isa = PBXGroup;
			children = (
			);
			path = Resources;
			sourceTree = "<group>";
		};
		FDBB846B24A33ECF00589F64 = {
			isa = PBXGroup;
			children = (
				FDBB849924A49AA800589F64 /* TestPlan.xctestplan */,
				FDBB847624A33ECF00589F64 /* Moving */,
				FDBB849F24A49AE000589F64 /* MovingUITests */,
				FDBB847524A33ECF00589F64 /* Products */,
				FD004F6F24A63D7400AAA6E7 /* Frameworks */,
			);
			sourceTree = "<group>";
		};
		FDBB847524A33ECF00589F64 /* Products */ = {
			isa = PBXGroup;
			children = (
				FDBB847424A33ECF00589F64 /* Moving.app */,
				FDBB849E24A49AE000589F64 /* MovingUITests.xctest */,
			);
			name = Products;
			sourceTree = "<group>";
		};
		FDBB847624A33ECF00589F64 /* Moving */ = {
			isa = PBXGroup;
			children = (
				FD4AFF7324B9D06C004B56C9 /* Resources */,
				FDBE727C24A64CBF0002AA5C /* Views */,
				FDBB847724A33ECF00589F64 /* AppDelegate.swift */,
				FDBB847D24A33ED000589F64 /* Assets.xcassets */,
				FDBB848224A33ED000589F64 /* LaunchScreen.storyboard */,
				FDBB848524A33ED000589F64 /* Info.plist */,
				FDBB847F24A33ED000589F64 /* Preview Content */,
				60522901C357D7965BECBDCC /* Models */,
				FDBB849824A498CA00589F64 /* Tests */,
				60522B6925F53D4C1CD5FB76 /* Protocols */,
				FDBB84AB24A62B6900589F64 /* Main.storyboard */,
				FDBB84AF24A6344300589F64 /* View Controllers */,
				60522969950AE8C8C1F57651 /* Coordinator */,
				605222F75A04241AEA30857B /* Helpers */,
			);
			path = Moving;
			sourceTree = "<group>";
		};
		FDBB847F24A33ED000589F64 /* Preview Content */ = {
			isa = PBXGroup;
			children = (
				FDBB848024A33ED000589F64 /* Preview Assets.xcassets */,
			);
			path = "Preview Content";
			sourceTree = "<group>";
		};
		FDBB849824A498CA00589F64 /* Tests */ = {
			isa = PBXGroup;
			children = (
				FDBB849524A4988D00589F64 /* StoreTests.swift */,
			);
			path = Tests;
			sourceTree = "<group>";
		};
		FDBB849F24A49AE000589F64 /* MovingUITests */ = {
			isa = PBXGroup;
			children = (
				FDBB84A024A49AE000589F64 /* MovingUITests.swift */,
				FDBB84A224A49AE000589F64 /* Info.plist */,
			);
			path = MovingUITests;
			sourceTree = "<group>";
		};
		FDBB84AF24A6344300589F64 /* View Controllers */ = {
			isa = PBXGroup;
			children = (
				FDBB84AD24A62BF800589F64 /* RoomsListViewController.swift */,
				60522020604B0230FE0F03AB /* EditRoomViewController.swift */,
				FDE9F0EA24A747D500454492 /* ItemsListViewController.swift */,
				FDE9F0EC24A7545000454492 /* EditItemViewController.swift */,
				6052254229A0ED65E0470421 /* SearchViewController.swift */,
			);
			path = "View Controllers";
			sourceTree = "<group>";
		};
		FDBE727C24A64CBF0002AA5C /* Views */ = {
			isa = PBXGroup;
			children = (
				FD1737AF24AB5BE50051D7FD /* EditObjectView.xib */,
				FD1737B124AB5C2E0051D7FD /* EditObjectView.swift */,
			);
			path = Views;
			sourceTree = "<group>";
		};
/* End PBXGroup section */

/* Begin PBXNativeTarget section */
		FDBB847324A33ECF00589F64 /* Moving */ = {
			isa = PBXNativeTarget;
			buildConfigurationList = FDBB848824A33ED000589F64 /* Build configuration list for PBXNativeTarget "Moving" */;
			buildPhases = (
				FDBB847024A33ECF00589F64 /* Sources */,
				FDBB847124A33ECF00589F64 /* Frameworks */,
				FDBB847224A33ECF00589F64 /* Resources */,
			);
			buildRules = (
			);
			dependencies = (
			);
			name = Moving;
			productName = Moving;
			productReference = FDBB847424A33ECF00589F64 /* Moving.app */;
			productType = "com.apple.product-type.application";
		};
		FDBB849D24A49AE000589F64 /* MovingUITests */ = {
			isa = PBXNativeTarget;
			buildConfigurationList = FDBB84A524A49AE000589F64 /* Build configuration list for PBXNativeTarget "MovingUITests" */;
			buildPhases = (
				FDBB849A24A49AE000589F64 /* Sources */,
				FDBB849B24A49AE000589F64 /* Frameworks */,
				FDBB849C24A49AE000589F64 /* Resources */,
			);
			buildRules = (
			);
			dependencies = (
				FDBB84A424A49AE000589F64 /* PBXTargetDependency */,
			);
			name = MovingUITests;
			productName = MovingUITests;
			productReference = FDBB849E24A49AE000589F64 /* MovingUITests.xctest */;
			productType = "com.apple.product-type.bundle.ui-testing";
		};
/* End PBXNativeTarget section */

/* Begin PBXProject section */
		FDBB846C24A33ECF00589F64 /* Project object */ = {
			isa = PBXProject;
			attributes = {
				LastSwiftUpdateCheck = 1150;
				LastUpgradeCheck = 1150;
				ORGANIZATIONNAME = "Alex Dearden";
				TargetAttributes = {
					FDBB847324A33ECF00589F64 = {
						CreatedOnToolsVersion = 11.5;
					};
					FDBB849D24A49AE000589F64 = {
						CreatedOnToolsVersion = 11.5;
						TestTargetID = FDBB847324A33ECF00589F64;
					};
				};
			};
			buildConfigurationList = FDBB846F24A33ECF00589F64 /* Build configuration list for PBXProject "Moving" */;
			compatibilityVersion = "Xcode 9.3";
			developmentRegion = en;
			hasScannedForEncodings = 0;
			knownRegions = (
				en,
				Base,
			);
			mainGroup = FDBB846B24A33ECF00589F64;
			productRefGroup = FDBB847524A33ECF00589F64 /* Products */;
			projectDirPath = "";
			projectRoot = "";
			targets = (
				FDBB847324A33ECF00589F64 /* Moving */,
				FDBB849D24A49AE000589F64 /* MovingUITests */,
			);
		};
/* End PBXProject section */

/* Begin PBXResourcesBuildPhase section */
		FDBB847224A33ECF00589F64 /* Resources */ = {
			isa = PBXResourcesBuildPhase;
			buildActionMask = 2147483647;
			files = (
				FDBB848424A33ED000589F64 /* LaunchScreen.storyboard in Resources */,
				FDBB848124A33ED000589F64 /* Preview Assets.xcassets in Resources */,
				FDBB847E24A33ED000589F64 /* Assets.xcassets in Resources */,
				FD1737B024AB5BE50051D7FD /* EditObjectView.xib in Resources */,
				FD4AFF7024B9BF05004B56C9 /* ListCellView.xib in Resources */,
				FDBB84AC24A62B6900589F64 /* Main.storyboard in Resources */,
			);
			runOnlyForDeploymentPostprocessing = 0;
		};
		FDBB849C24A49AE000589F64 /* Resources */ = {
			isa = PBXResourcesBuildPhase;
			buildActionMask = 2147483647;
			files = (
				FDBB84A824A49B0400589F64 /* StoreTests.swift in Resources */,
			);
			runOnlyForDeploymentPostprocessing = 0;
		};
/* End PBXResourcesBuildPhase section */

/* Begin PBXSourcesBuildPhase section */
		FDBB847024A33ECF00589F64 /* Sources */ = {
			isa = PBXSourcesBuildPhase;
			buildActionMask = 2147483647;
			files = (
				FDBB849624A4988D00589F64 /* StoreTests.swift in Sources */,
				FDE9F0ED24A7545000454492 /* EditItemViewController.swift in Sources */,
				FDBB847824A33ECF00589F64 /* AppDelegate.swift in Sources */,
				FD1737B224AB5C2E0051D7FD /* EditObjectView.swift in Sources */,
				60522A85EE50E5A2F85C1F50 /* Room.swift in Sources */,
				FDBB84AE24A62BF800589F64 /* RoomsListViewController.swift in Sources */,
				FDE9F0EB24A747D500454492 /* ItemsListViewController.swift in Sources */,
				FD4AFF7224B9C1E2004B56C9 /* ListCellView.swift in Sources */,
				605223E9CAF6F189AAA33917 /* Item.swift in Sources */,
				6052264E62255D3C2A34C6DC /* Listable.swift in Sources */,
				60522EDFDBA6149ED9DD583C /* RoomStore.swift in Sources */,
				60522C120921CDB94428F04F /* PersistenceManager.swift in Sources */,
				60522C7E81B9778DFBF97978 /* Coordinator.swift in Sources */,
				605224BADF22C6EB4EDA2696 /* MainCoordinator.swift in Sources */,
				60522D693341B6B73D26674E /* Storyboarded.swift in Sources */,
				60522CCC9E0F8FBE7665D382 /* EditRoomViewController.swift in Sources */,
				605226EB16C9AA11593C738C /* ImageContainer.swift in Sources */,
				60522959FA29DB581B6F100A /* NibLoadableView.swift in Sources */,
				60522B736AC543C621D89FC4 /* Identifiers.swift in Sources */,
				605227CBFC3AC890D2E3FFD7 /* CustomButtons.swift in Sources */,
				605222541CFF2668CA4A28F5 /* Extensions.swift in Sources */,
				60522EF695AED56C02BAF0E4 /* CustomImages.swift in Sources */,
				60522972E9BC5C0F314FC8B1 /* GraphCircle.swift in Sources */,
				60522E64C9BC8D034EEF1493 /* Slider.swift in Sources */,
				605227D88F9454C7B8C107BB /* SearchViewController.swift in Sources */,
			);
			runOnlyForDeploymentPostprocessing = 0;
		};
		FDBB849A24A49AE000589F64 /* Sources */ = {
			isa = PBXSourcesBuildPhase;
			buildActionMask = 2147483647;
			files = (
				FDBB84A124A49AE000589F64 /* MovingUITests.swift in Sources */,
			);
			runOnlyForDeploymentPostprocessing = 0;
		};
/* End PBXSourcesBuildPhase section */

/* Begin PBXTargetDependency section */
		FDBB84A424A49AE000589F64 /* PBXTargetDependency */ = {
			isa = PBXTargetDependency;
			target = FDBB847324A33ECF00589F64 /* Moving */;
			targetProxy = FDBB84A324A49AE000589F64 /* PBXContainerItemProxy */;
		};
/* End PBXTargetDependency section */

/* Begin PBXVariantGroup section */
		FDBB848224A33ED000589F64 /* LaunchScreen.storyboard */ = {
			isa = PBXVariantGroup;
			children = (
				FDBB848324A33ED000589F64 /* Base */,
			);
			name = LaunchScreen.storyboard;
			sourceTree = "<group>";
		};
/* End PBXVariantGroup section */

/* Begin XCBuildConfiguration section */
		FDBB848624A33ED000589F64 /* Debug */ = {
			isa = XCBuildConfiguration;
			buildSettings = {
				ALWAYS_SEARCH_USER_PATHS = NO;
				CLANG_ANALYZER_NONNULL = YES;
				CLANG_ANALYZER_NUMBER_OBJECT_CONVERSION = YES_AGGRESSIVE;
				CLANG_CXX_LANGUAGE_STANDARD = "gnu++14";
				CLANG_CXX_LIBRARY = "libc++";
				CLANG_ENABLE_MODULES = YES;
				CLANG_ENABLE_OBJC_ARC = YES;
				CLANG_ENABLE_OBJC_WEAK = YES;
				CLANG_WARN_BLOCK_CAPTURE_AUTORELEASING = YES;
				CLANG_WARN_BOOL_CONVERSION = YES;
				CLANG_WARN_COMMA = YES;
				CLANG_WARN_CONSTANT_CONVERSION = YES;
				CLANG_WARN_DEPRECATED_OBJC_IMPLEMENTATIONS = YES;
				CLANG_WARN_DIRECT_OBJC_ISA_USAGE = YES_ERROR;
				CLANG_WARN_DOCUMENTATION_COMMENTS = YES;
				CLANG_WARN_EMPTY_BODY = YES;
				CLANG_WARN_ENUM_CONVERSION = YES;
				CLANG_WARN_INFINITE_RECURSION = YES;
				CLANG_WARN_INT_CONVERSION = YES;
				CLANG_WARN_NON_LITERAL_NULL_CONVERSION = YES;
				CLANG_WARN_OBJC_IMPLICIT_RETAIN_SELF = YES;
				CLANG_WARN_OBJC_LITERAL_CONVERSION = YES;
				CLANG_WARN_OBJC_ROOT_CLASS = YES_ERROR;
				CLANG_WARN_RANGE_LOOP_ANALYSIS = YES;
				CLANG_WARN_STRICT_PROTOTYPES = YES;
				CLANG_WARN_SUSPICIOUS_MOVE = YES;
				CLANG_WARN_UNGUARDED_AVAILABILITY = YES_AGGRESSIVE;
				CLANG_WARN_UNREACHABLE_CODE = YES;
				CLANG_WARN__DUPLICATE_METHOD_MATCH = YES;
				COPY_PHASE_STRIP = NO;
				DEBUG_INFORMATION_FORMAT = dwarf;
				ENABLE_STRICT_OBJC_MSGSEND = YES;
				ENABLE_TESTABILITY = YES;
				GCC_C_LANGUAGE_STANDARD = gnu11;
				GCC_DYNAMIC_NO_PIC = NO;
				GCC_NO_COMMON_BLOCKS = YES;
				GCC_OPTIMIZATION_LEVEL = 0;
				GCC_PREPROCESSOR_DEFINITIONS = (
					"DEBUG=1",
					"$(inherited)",
				);
				GCC_WARN_64_TO_32_BIT_CONVERSION = YES;
				GCC_WARN_ABOUT_RETURN_TYPE = YES_ERROR;
				GCC_WARN_UNDECLARED_SELECTOR = YES;
				GCC_WARN_UNINITIALIZED_AUTOS = YES_AGGRESSIVE;
				GCC_WARN_UNUSED_FUNCTION = YES;
				GCC_WARN_UNUSED_VARIABLE = YES;
				IPHONEOS_DEPLOYMENT_TARGET = 13.5;
				MTL_ENABLE_DEBUG_INFO = INCLUDE_SOURCE;
				MTL_FAST_MATH = YES;
				ONLY_ACTIVE_ARCH = YES;
				SDKROOT = iphoneos;
				SWIFT_ACTIVE_COMPILATION_CONDITIONS = DEBUG;
				SWIFT_OPTIMIZATION_LEVEL = "-Onone";
			};
			name = Debug;
		};
		FDBB848724A33ED000589F64 /* Release */ = {
			isa = XCBuildConfiguration;
			buildSettings = {
				ALWAYS_SEARCH_USER_PATHS = NO;
				CLANG_ANALYZER_NONNULL = YES;
				CLANG_ANALYZER_NUMBER_OBJECT_CONVERSION = YES_AGGRESSIVE;
				CLANG_CXX_LANGUAGE_STANDARD = "gnu++14";
				CLANG_CXX_LIBRARY = "libc++";
				CLANG_ENABLE_MODULES = YES;
				CLANG_ENABLE_OBJC_ARC = YES;
				CLANG_ENABLE_OBJC_WEAK = YES;
				CLANG_WARN_BLOCK_CAPTURE_AUTORELEASING = YES;
				CLANG_WARN_BOOL_CONVERSION = YES;
				CLANG_WARN_COMMA = YES;
				CLANG_WARN_CONSTANT_CONVERSION = YES;
				CLANG_WARN_DEPRECATED_OBJC_IMPLEMENTATIONS = YES;
				CLANG_WARN_DIRECT_OBJC_ISA_USAGE = YES_ERROR;
				CLANG_WARN_DOCUMENTATION_COMMENTS = YES;
				CLANG_WARN_EMPTY_BODY = YES;
				CLANG_WARN_ENUM_CONVERSION = YES;
				CLANG_WARN_INFINITE_RECURSION = YES;
				CLANG_WARN_INT_CONVERSION = YES;
				CLANG_WARN_NON_LITERAL_NULL_CONVERSION = YES;
				CLANG_WARN_OBJC_IMPLICIT_RETAIN_SELF = YES;
				CLANG_WARN_OBJC_LITERAL_CONVERSION = YES;
				CLANG_WARN_OBJC_ROOT_CLASS = YES_ERROR;
				CLANG_WARN_RANGE_LOOP_ANALYSIS = YES;
				CLANG_WARN_STRICT_PROTOTYPES = YES;
				CLANG_WARN_SUSPICIOUS_MOVE = YES;
				CLANG_WARN_UNGUARDED_AVAILABILITY = YES_AGGRESSIVE;
				CLANG_WARN_UNREACHABLE_CODE = YES;
				CLANG_WARN__DUPLICATE_METHOD_MATCH = YES;
				COPY_PHASE_STRIP = NO;
				DEBUG_INFORMATION_FORMAT = "dwarf-with-dsym";
				ENABLE_NS_ASSERTIONS = NO;
				ENABLE_STRICT_OBJC_MSGSEND = YES;
				GCC_C_LANGUAGE_STANDARD = gnu11;
				GCC_NO_COMMON_BLOCKS = YES;
				GCC_WARN_64_TO_32_BIT_CONVERSION = YES;
				GCC_WARN_ABOUT_RETURN_TYPE = YES_ERROR;
				GCC_WARN_UNDECLARED_SELECTOR = YES;
				GCC_WARN_UNINITIALIZED_AUTOS = YES_AGGRESSIVE;
				GCC_WARN_UNUSED_FUNCTION = YES;
				GCC_WARN_UNUSED_VARIABLE = YES;
				IPHONEOS_DEPLOYMENT_TARGET = 13.5;
				MTL_ENABLE_DEBUG_INFO = NO;
				MTL_FAST_MATH = YES;
				SDKROOT = iphoneos;
				SWIFT_COMPILATION_MODE = wholemodule;
				SWIFT_OPTIMIZATION_LEVEL = "-O";
				VALIDATE_PRODUCT = YES;
			};
			name = Release;
		};
		FDBB848924A33ED000589F64 /* Debug */ = {
			isa = XCBuildConfiguration;
			buildSettings = {
				ASSETCATALOG_COMPILER_APPICON_NAME = AppIcon;
				CODE_SIGN_STYLE = Automatic;
				DEVELOPMENT_ASSET_PATHS = "\"Moving/Preview Content\"";
				DEVELOPMENT_TEAM = 53J475K8R6;
				ENABLE_PREVIEWS = YES;
				INFOPLIST_FILE = Moving/Info.plist;
				LD_RUNPATH_SEARCH_PATHS = (
					"$(inherited)",
					"@executable_path/Frameworks",
				);
				PRODUCT_BUNDLE_IDENTIFIER = com.clearscore.Moving;
				PRODUCT_NAME = "$(TARGET_NAME)";
				SWIFT_VERSION = 5.0;
				TARGETED_DEVICE_FAMILY = "1,2";
			};
			name = Debug;
		};
		FDBB848A24A33ED000589F64 /* Release */ = {
			isa = XCBuildConfiguration;
			buildSettings = {
				ASSETCATALOG_COMPILER_APPICON_NAME = AppIcon;
				CODE_SIGN_STYLE = Automatic;
				DEVELOPMENT_ASSET_PATHS = "\"Moving/Preview Content\"";
				DEVELOPMENT_TEAM = 53J475K8R6;
				ENABLE_PREVIEWS = YES;
				INFOPLIST_FILE = Moving/Info.plist;
				LD_RUNPATH_SEARCH_PATHS = (
					"$(inherited)",
					"@executable_path/Frameworks",
				);
				PRODUCT_BUNDLE_IDENTIFIER = com.clearscore.Moving;
				PRODUCT_NAME = "$(TARGET_NAME)";
				SWIFT_VERSION = 5.0;
				TARGETED_DEVICE_FAMILY = "1,2";
			};
			name = Release;
		};
		FDBB84A624A49AE000589F64 /* Debug */ = {
			isa = XCBuildConfiguration;
			buildSettings = {
				CODE_SIGN_STYLE = Automatic;
				DEVELOPMENT_TEAM = 53J475K8R6;
				INFOPLIST_FILE = MovingUITests/Info.plist;
				LD_RUNPATH_SEARCH_PATHS = (
					"$(inherited)",
					"@executable_path/Frameworks",
					"@loader_path/Frameworks",
				);
				PRODUCT_BUNDLE_IDENTIFIER = com.clearscore.MovingUITests;
				PRODUCT_NAME = "$(TARGET_NAME)";
				SWIFT_VERSION = 5.0;
				TARGETED_DEVICE_FAMILY = "1,2";
				TEST_TARGET_NAME = Moving;
			};
			name = Debug;
		};
		FDBB84A724A49AE000589F64 /* Release */ = {
			isa = XCBuildConfiguration;
			buildSettings = {
				CODE_SIGN_STYLE = Automatic;
				DEVELOPMENT_TEAM = 53J475K8R6;
				INFOPLIST_FILE = MovingUITests/Info.plist;
				LD_RUNPATH_SEARCH_PATHS = (
					"$(inherited)",
					"@executable_path/Frameworks",
					"@loader_path/Frameworks",
				);
				PRODUCT_BUNDLE_IDENTIFIER = com.clearscore.MovingUITests;
				PRODUCT_NAME = "$(TARGET_NAME)";
				SWIFT_VERSION = 5.0;
				TARGETED_DEVICE_FAMILY = "1,2";
				TEST_TARGET_NAME = Moving;
			};
			name = Release;
		};
/* End XCBuildConfiguration section */

/* Begin XCConfigurationList section */
		FDBB846F24A33ECF00589F64 /* Build configuration list for PBXProject "Moving" */ = {
			isa = XCConfigurationList;
			buildConfigurations = (
				FDBB848624A33ED000589F64 /* Debug */,
				FDBB848724A33ED000589F64 /* Release */,
			);
			defaultConfigurationIsVisible = 0;
			defaultConfigurationName = Release;
		};
		FDBB848824A33ED000589F64 /* Build configuration list for PBXNativeTarget "Moving" */ = {
			isa = XCConfigurationList;
			buildConfigurations = (
				FDBB848924A33ED000589F64 /* Debug */,
				FDBB848A24A33ED000589F64 /* Release */,
			);
			defaultConfigurationIsVisible = 0;
			defaultConfigurationName = Release;
		};
		FDBB84A524A49AE000589F64 /* Build configuration list for PBXNativeTarget "MovingUITests" */ = {
			isa = XCConfigurationList;
			buildConfigurations = (
				FDBB84A624A49AE000589F64 /* Debug */,
				FDBB84A724A49AE000589F64 /* Release */,
			);
			defaultConfigurationIsVisible = 0;
			defaultConfigurationName = Release;
		};
/* End XCConfigurationList section */
	};
	rootObject = FDBB846C24A33ECF00589F64 /* Project object */;
}
